// !$*UTF8*$!
{
	archiveVersion = 1;
	classes = {
	};
	objectVersion = 77;
	objects = {

/* Begin PBXContainerItemProxy section */
		1D19D3D32D283C4D00C4051B /* PBXContainerItemProxy */ = {
			isa = PBXContainerItemProxy;
			containerPortal = 1D19D3B42D283C4B00C4051B /* Project object */;
			proxyType = 1;
			remoteGlobalIDString = 1D19D3BB2D283C4B00C4051B;
			remoteInfo = UrlUsersTableViewProject;
		};
		1D19D3DD2D283C4D00C4051B /* PBXContainerItemProxy */ = {
			isa = PBXContainerItemProxy;
			containerPortal = 1D19D3B42D283C4B00C4051B /* Project object */;
			proxyType = 1;
			remoteGlobalIDString = 1D19D3BB2D283C4B00C4051B;
			remoteInfo = UrlUsersTableViewProject;
		};
/* End PBXContainerItemProxy section */

/* Begin PBXFileReference section */
		1D19D3BC2D283C4B00C4051B /* UrlUsersTableViewProject.app */ = {isa = PBXFileReference; explicitFileType = wrapper.application; includeInIndex = 0; path = UrlUsersTableViewProject.app; sourceTree = BUILT_PRODUCTS_DIR; };
		1D19D3D22D283C4D00C4051B /* UrlUsersTableViewProjectTests.xctest */ = {isa = PBXFileReference; explicitFileType = wrapper.cfbundle; includeInIndex = 0; path = UrlUsersTableViewProjectTests.xctest; sourceTree = BUILT_PRODUCTS_DIR; };
		1D19D3DC2D283C4D00C4051B /* UrlUsersTableViewProjectUITests.xctest */ = {isa = PBXFileReference; explicitFileType = wrapper.cfbundle; includeInIndex = 0; path = UrlUsersTableViewProjectUITests.xctest; sourceTree = BUILT_PRODUCTS_DIR; };
/* End PBXFileReference section */

/* Begin PBXFileSystemSynchronizedBuildFileExceptionSet section */
		1D19D3E42D283C4D00C4051B /* Exceptions for "UrlUsersTableViewProject" folder in "UrlUsersTableViewProject" target */ = {
			isa = PBXFileSystemSynchronizedBuildFileExceptionSet;
			membershipExceptions = (
				Info.plist,
			);
			target = 1D19D3BB2D283C4B00C4051B /* UrlUsersTableViewProject */;
		};
/* End PBXFileSystemSynchronizedBuildFileExceptionSet section */

/* Begin PBXFileSystemSynchronizedRootGroup section */
		1D19D3BE2D283C4B00C4051B /* UrlUsersTableViewProject */ = {
			isa = PBXFileSystemSynchronizedRootGroup;
			exceptions = (
				1D19D3E42D283C4D00C4051B /* Exceptions for "UrlUsersTableViewProject" folder in "UrlUsersTableViewProject" target */,
			);
			path = UrlUsersTableViewProject;
			sourceTree = "<group>";
		};
		1D19D3D52D283C4D00C4051B /* UrlUsersTableViewProjectTests */ = {
			isa = PBXFileSystemSynchronizedRootGroup;
			path = UrlUsersTableViewProjectTests;
			sourceTree = "<group>";
		};
		1D19D3DF2D283C4D00C4051B /* UrlUsersTableViewProjectUITests */ = {
			isa = PBXFileSystemSynchronizedRootGroup;
			path = UrlUsersTableViewProjectUITests;
			sourceTree = "<group>";
		};
/* End PBXFileSystemSynchronizedRootGroup section */

/* Begin PBXFrameworksBuildPhase section */
		1D19D3B92D283C4B00C4051B /* Frameworks */ = {
			isa = PBXFrameworksBuildPhase;
			buildActionMask = 2147483647;
			files = (
			);
			runOnlyForDeploymentPostprocessing = 0;
		};
		1D19D3CF2D283C4D00C4051B /* Frameworks */ = {
			isa = PBXFrameworksBuildPhase;
			buildActionMask = 2147483647;
			files = (
			);
			runOnlyForDeploymentPostprocessing = 0;
		};
		1D19D3D92D283C4D00C4051B /* Frameworks */ = {
			isa = PBXFrameworksBuildPhase;
			buildActionMask = 2147483647;
			files = (
			);
			runOnlyForDeploymentPostprocessing = 0;
		};
/* End PBXFrameworksBuildPhase section */

/* Begin PBXGroup section */
		1D19D3B32D283C4B00C4051B = {
			isa = PBXGroup;
			children = (
				1D19D3BE2D283C4B00C4051B /* UrlUsersTableViewProject */,
				1D19D3D52D283C4D00C4051B /* UrlUsersTableViewProjectTests */,
				1D19D3DF2D283C4D00C4051B /* UrlUsersTableViewProjectUITests */,
				1D19D3BD2D283C4B00C4051B /* Products */,
			);
			sourceTree = "<group>";
		};
		1D19D3BD2D283C4B00C4051B /* Products */ = {
			isa = PBXGroup;
			children = (
				1D19D3BC2D283C4B00C4051B /* UrlUsersTableViewProject.app */,
				1D19D3D22D283C4D00C4051B /* UrlUsersTableViewProjectTests.xctest */,
				1D19D3DC2D283C4D00C4051B /* UrlUsersTableViewProjectUITests.xctest */,
			);
			name = Products;
			sourceTree = "<group>";
		};
/* End PBXGroup section */

/* Begin PBXNativeTarget section */
		1D19D3BB2D283C4B00C4051B /* UrlUsersTableViewProject */ = {
			isa = PBXNativeTarget;
			buildConfigurationList = 1D19D3E52D283C4D00C4051B /* Build configuration list for PBXNativeTarget "UrlUsersTableViewProject" */;
			buildPhases = (
				1D19D3B82D283C4B00C4051B /* Sources */,
				1D19D3B92D283C4B00C4051B /* Frameworks */,
				1D19D3BA2D283C4B00C4051B /* Resources */,
			);
			buildRules = (
			);
			dependencies = (
			);
			fileSystemSynchronizedGroups = (
				1D19D3BE2D283C4B00C4051B /* UrlUsersTableViewProject */,
			);
			name = UrlUsersTableViewProject;
			packageProductDependencies = (
			);
			productName = UrlUsersTableViewProject;
			productReference = 1D19D3BC2D283C4B00C4051B /* UrlUsersTableViewProject.app */;
			productType = "com.apple.product-type.application";
		};
		1D19D3D12D283C4D00C4051B /* UrlUsersTableViewProjectTests */ = {
			isa = PBXNativeTarget;
			buildConfigurationList = 1D19D3EA2D283C4D00C4051B /* Build configuration list for PBXNativeTarget "UrlUsersTableViewProjectTests" */;
			buildPhases = (
				1D19D3CE2D283C4D00C4051B /* Sources */,
				1D19D3CF2D283C4D00C4051B /* Frameworks */,
				1D19D3D02D283C4D00C4051B /* Resources */,
			);
			buildRules = (
			);
			dependencies = (
				1D19D3D42D283C4D00C4051B /* PBXTargetDependency */,
			);
			fileSystemSynchronizedGroups = (
				1D19D3D52D283C4D00C4051B /* UrlUsersTableViewProjectTests */,
			);
			name = UrlUsersTableViewProjectTests;
			packageProductDependencies = (
			);
			productName = UrlUsersTableViewProjectTests;
			productReference = 1D19D3D22D283C4D00C4051B /* UrlUsersTableViewProjectTests.xctest */;
			productType = "com.apple.product-type.bundle.unit-test";
		};
		1D19D3DB2D283C4D00C4051B /* UrlUsersTableViewProjectUITests */ = {
			isa = PBXNativeTarget;
			buildConfigurationList = 1D19D3ED2D283C4D00C4051B /* Build configuration list for PBXNativeTarget "UrlUsersTableViewProjectUITests" */;
			buildPhases = (
				1D19D3D82D283C4D00C4051B /* Sources */,
				1D19D3D92D283C4D00C4051B /* Frameworks */,
				1D19D3DA2D283C4D00C4051B /* Resources */,
			);
			buildRules = (
			);
			dependencies = (
				1D19D3DE2D283C4D00C4051B /* PBXTargetDependency */,
			);
			fileSystemSynchronizedGroups = (
				1D19D3DF2D283C4D00C4051B /* UrlUsersTableViewProjectUITests */,
			);
			name = UrlUsersTableViewProjectUITests;
			packageProductDependencies = (
			);
			productName = UrlUsersTableViewProjectUITests;
			productReference = 1D19D3DC2D283C4D00C4051B /* UrlUsersTableViewProjectUITests.xctest */;
			productType = "com.apple.product-type.bundle.ui-testing";
		};
/* End PBXNativeTarget section */

/* Begin PBXProject section */
		1D19D3B42D283C4B00C4051B /* Project object */ = {
			isa = PBXProject;
			attributes = {
				BuildIndependentTargetsInParallel = 1;
				LastSwiftUpdateCheck = 1620;
				LastUpgradeCheck = 1620;
				TargetAttributes = {
					1D19D3BB2D283C4B00C4051B = {
						CreatedOnToolsVersion = 16.2;
					};
					1D19D3D12D283C4D00C4051B = {
						CreatedOnToolsVersion = 16.2;
						TestTargetID = 1D19D3BB2D283C4B00C4051B;
					};
					1D19D3DB2D283C4D00C4051B = {
						CreatedOnToolsVersion = 16.2;
						TestTargetID = 1D19D3BB2D283C4B00C4051B;
					};
				};
			};
			buildConfigurationList = 1D19D3B72D283C4B00C4051B /* Build configuration list for PBXProject "UrlUsersTableViewProject" */;
			developmentRegion = en;
			hasScannedForEncodings = 0;
			knownRegions = (
				en,
				Base,
			);
			mainGroup = 1D19D3B32D283C4B00C4051B;
			minimizedProjectReferenceProxies = 1;
			preferredProjectObjectVersion = 77;
			productRefGroup = 1D19D3BD2D283C4B00C4051B /* Products */;
			projectDirPath = "";
			projectRoot = "";
			targets = (
				1D19D3BB2D283C4B00C4051B /* UrlUsersTableViewProject */,
				1D19D3D12D283C4D00C4051B /* UrlUsersTableViewProjectTests */,
				1D19D3DB2D283C4D00C4051B /* UrlUsersTableViewProjectUITests */,
			);
		};
/* End PBXProject section */

/* Begin PBXResourcesBuildPhase section */
		1D19D3BA2D283C4B00C4051B /* Resources */ = {
			isa = PBXResourcesBuildPhase;
			buildActionMask = 2147483647;
			files = (
			);
			runOnlyForDeploymentPostprocessing = 0;
		};
		1D19D3D02D283C4D00C4051B /* Resources */ = {
			isa = PBXResourcesBuildPhase;
			buildActionMask = 2147483647;
			files = (
			);
			runOnlyForDeploymentPostprocessing = 0;
		};
		1D19D3DA2D283C4D00C4051B /* Resources */ = {
			isa = PBXResourcesBuildPhase;
			buildActionMask = 2147483647;
			files = (
			);
			runOnlyForDeploymentPostprocessing = 0;
		};
/* End PBXResourcesBuildPhase section */

/* Begin PBXSourcesBuildPhase section */
		1D19D3B82D283C4B00C4051B /* Sources */ = {
			isa = PBXSourcesBuildPhase;
			buildActionMask = 2147483647;
			files = (
			);
			runOnlyForDeploymentPostprocessing = 0;
		};
		1D19D3CE2D283C4D00C4051B /* Sources */ = {
			isa = PBXSourcesBuildPhase;
			buildActionMask = 2147483647;
			files = (
			);
			runOnlyForDeploymentPostprocessing = 0;
		};
		1D19D3D82D283C4D00C4051B /* Sources */ = {
			isa = PBXSourcesBuildPhase;
			buildActionMask = 2147483647;
			files = (
			);
			runOnlyForDeploymentPostprocessing = 0;
		};
/* End PBXSourcesBuildPhase section */

/* Begin PBXTargetDependency section */
		1D19D3D42D283C4D00C4051B /* PBXTargetDependency */ = {
			isa = PBXTargetDependency;
			target = 1D19D3BB2D283C4B00C4051B /* UrlUsersTableViewProject */;
			targetProxy = 1D19D3D32D283C4D00C4051B /* PBXContainerItemProxy */;
		};
		1D19D3DE2D283C4D00C4051B /* PBXTargetDependency */ = {
			isa = PBXTargetDependency;
			target = 1D19D3BB2D283C4B00C4051B /* UrlUsersTableViewProject */;
			targetProxy = 1D19D3DD2D283C4D00C4051B /* PBXContainerItemProxy */;
		};
/* End PBXTargetDependency section */

/* Begin XCBuildConfiguration section */
		1D19D3E62D283C4D00C4051B /* Debug */ = {
			isa = XCBuildConfiguration;
			buildSettings = {
				ASSETCATALOG_COMPILER_APPICON_NAME = AppIcon;
				ASSETCATALOG_COMPILER_GLOBAL_ACCENT_COLOR_NAME = AccentColor;
				CODE_SIGN_STYLE = Automatic;
				CURRENT_PROJECT_VERSION = 1;
				GENERATE_INFOPLIST_FILE = YES;
				INFOPLIST_FILE = UrlUsersTableViewProject/Info.plist;
				INFOPLIST_KEY_UIApplicationSupportsIndirectInputEvents = YES;
				INFOPLIST_KEY_UILaunchStoryboardName = LaunchScreen;
				INFOPLIST_KEY_UIMainStoryboardFile = Main;
				INFOPLIST_KEY_UISupportedInterfaceOrientations_iPad = "UIInterfaceOrientationPortrait UIInterfaceOrientationPortraitUpsideDown UIInterfaceOrientationLandscapeLeft UIInterfaceOrientationLandscapeRight";
				INFOPLIST_KEY_UISupportedInterfaceOrientations_iPhone = "UIInterfaceOrientationPortrait UIInterfaceOrientationLandscapeLeft UIInterfaceOrientationLandscapeRight";
				LD_RUNPATH_SEARCH_PATHS = (
					"$(inherited)",
					"@executable_path/Frameworks",
				);
				MARKETING_VERSION = 1.0;
				PRODUCT_BUNDLE_IDENTIFIER = "Tech-Consultants.UrlUsersTableViewProject";
				PRODUCT_NAME = "$(TARGET_NAME)";
				SWIFT_EMIT_LOC_STRINGS = YES;
				SWIFT_VERSION = 5.0;
				TARGETED_DEVICE_FAMILY = "1,2";
			};
			name = Debug;
		};
		1D19D3E72D283C4D00C4051B /* Release */ = {
			isa = XCBuildConfiguration;
			buildSettings = {
				ASSETCATALOG_COMPILER_APPICON_NAME = AppIcon;
				ASSETCATALOG_COMPILER_GLOBAL_ACCENT_COLOR_NAME = AccentColor;
				CODE_SIGN_STYLE = Automatic;
				CURRENT_PROJECT_VERSION = 1;
				GENERATE_INFOPLIST_FILE = YES;
				INFOPLIST_FILE = UrlUsersTableViewProject/Info.plist;
				INFOPLIST_KEY_UIApplicationSupportsIndirectInputEvents = YES;
				INFOPLIST_KEY_UILaunchStoryboardName = LaunchScreen;
				INFOPLIST_KEY_UIMainStoryboardFile = Main;
				INFOPLIST_KEY_UISupportedInterfaceOrientations_iPad = "UIInterfaceOrientationPortrait UIInterfaceOrientationPortraitUpsideDown UIInterfaceOrientationLandscapeLeft UIInterfaceOrientationLandscapeRight";
				INFOPLIST_KEY_UISupportedInterfaceOrientations_iPhone = "UIInterfaceOrientationPortrait UIInterfaceOrientationLandscapeLeft UIInterfaceOrientationLandscapeRight";
				LD_RUNPATH_SEARCH_PATHS = (
					"$(inherited)",
					"@executable_path/Frameworks",
				);
				MARKETING_VERSION = 1.0;
				PRODUCT_BUNDLE_IDENTIFIER = "Tech-Consultants.UrlUsersTableViewProject";
				PRODUCT_NAME = "$(TARGET_NAME)";
				SWIFT_EMIT_LOC_STRINGS = YES;
				SWIFT_VERSION = 5.0;
				TARGETED_DEVICE_FAMILY = "1,2";
			};
			name = Release;
		};
		1D19D3E82D283C4D00C4051B /* Debug */ = {
			isa = XCBuildConfiguration;
			buildSettings = {
				ALWAYS_SEARCH_USER_PATHS = NO;
				ASSETCATALOG_COMPILER_GENERATE_SWIFT_ASSET_SYMBOL_EXTENSIONS = YES;
				CLANG_ANALYZER_NONNULL = YES;
				CLANG_ANALYZER_NUMBER_OBJECT_CONVERSION = YES_AGGRESSIVE;
				CLANG_CXX_LANGUAGE_STANDARD = "gnu++20";
				CLANG_ENABLE_MODULES = YES;
				CLANG_ENABLE_OBJC_ARC = YES;
				CLANG_ENABLE_OBJC_WEAK = YES;
				CLANG_WARN_BLOCK_CAPTURE_AUTORELEASING = YES;
				CLANG_WARN_BOOL_CONVERSION = YES;
				CLANG_WARN_COMMA = YES;
				CLANG_WARN_CONSTANT_CONVERSION = YES;
				CLANG_WARN_DEPRECATED_OBJC_IMPLEMENTATIONS = YES;
				CLANG_WARN_DIRECT_OBJC_ISA_USAGE = YES_ERROR;
				CLANG_WARN_DOCUMENTATION_COMMENTS = YES;
				CLANG_WARN_EMPTY_BODY = YES;
				CLANG_WARN_ENUM_CONVERSION = YES;
				CLANG_WARN_INFINITE_RECURSION = YES;
				CLANG_WARN_INT_CONVERSION = YES;
				CLANG_WARN_NON_LITERAL_NULL_CONVERSION = YES;
				CLANG_WARN_OBJC_IMPLICIT_RETAIN_SELF = YES;
				CLANG_WARN_OBJC_LITERAL_CONVERSION = YES;
				CLANG_WARN_OBJC_ROOT_CLASS = YES_ERROR;
				CLANG_WARN_QUOTED_INCLUDE_IN_FRAMEWORK_HEADER = YES;
				CLANG_WARN_RANGE_LOOP_ANALYSIS = YES;
				CLANG_WARN_STRICT_PROTOTYPES = YES;
				CLANG_WARN_SUSPICIOUS_MOVE = YES;
				CLANG_WARN_UNGUARDED_AVAILABILITY = YES_AGGRESSIVE;
				CLANG_WARN_UNREACHABLE_CODE = YES;
				CLANG_WARN__DUPLICATE_METHOD_MATCH = YES;
				COPY_PHASE_STRIP = NO;
				DEBUG_INFORMATION_FORMAT = dwarf;
				ENABLE_STRICT_OBJC_MSGSEND = YES;
				ENABLE_TESTABILITY = YES;
				ENABLE_USER_SCRIPT_SANDBOXING = YES;
				GCC_C_LANGUAGE_STANDARD = gnu17;
				GCC_DYNAMIC_NO_PIC = NO;
				GCC_NO_COMMON_BLOCKS = YES;
				GCC_OPTIMIZATION_LEVEL = 0;
				GCC_PREPROCESSOR_DEFINITIONS = (
					"DEBUG=1",
					"$(inherited)",
				);
				GCC_WARN_64_TO_32_BIT_CONVERSION = YES;
				GCC_WARN_ABOUT_RETURN_TYPE = YES_ERROR;
				GCC_WARN_UNDECLARED_SELECTOR = YES;
				GCC_WARN_UNINITIALIZED_AUTOS = YES_AGGRESSIVE;
				GCC_WARN_UNUSED_FUNCTION = YES;
				GCC_WARN_UNUSED_VARIABLE = YES;
				IPHONEOS_DEPLOYMENT_TARGET = 18.2;
				LOCALIZATION_PREFERS_STRING_CATALOGS = YES;
				MTL_ENABLE_DEBUG_INFO = INCLUDE_SOURCE;
				MTL_FAST_MATH = YES;
				ONLY_ACTIVE_ARCH = YES;
				SDKROOT = iphoneos;
				SWIFT_ACTIVE_COMPILATION_CONDITIONS = "DEBUG $(inherited)";
				SWIFT_OPTIMIZATION_LEVEL = "-Onone";
			};
			name = Debug;
		};
		1D19D3E92D283C4D00C4051B /* Release */ = {
			isa = XCBuildConfiguration;
			buildSettings = {
				ALWAYS_SEARCH_USER_PATHS = NO;
				ASSETCATALOG_COMPILER_GENERATE_SWIFT_ASSET_SYMBOL_EXTENSIONS = YES;
				CLANG_ANALYZER_NONNULL = YES;
				CLANG_ANALYZER_NUMBER_OBJECT_CONVERSION = YES_AGGRESSIVE;
				CLANG_CXX_LANGUAGE_STANDARD = "gnu++20";
				CLANG_ENABLE_MODULES = YES;
				CLANG_ENABLE_OBJC_ARC = YES;
				CLANG_ENABLE_OBJC_WEAK = YES;
				CLANG_WARN_BLOCK_CAPTURE_AUTORELEASING = YES;
				CLANG_WARN_BOOL_CONVERSION = YES;
				CLANG_WARN_COMMA = YES;
				CLANG_WARN_CONSTANT_CONVERSION = YES;
				CLANG_WARN_DEPRECATED_OBJC_IMPLEMENTATIONS = YES;
				CLANG_WARN_DIRECT_OBJC_ISA_USAGE = YES_ERROR;
				CLANG_WARN_DOCUMENTATION_COMMENTS = YES;
				CLANG_WARN_EMPTY_BODY = YES;
				CLANG_WARN_ENUM_CONVERSION = YES;
				CLANG_WARN_INFINITE_RECURSION = YES;
				CLANG_WARN_INT_CONVERSION = YES;
				CLANG_WARN_NON_LITERAL_NULL_CONVERSION = YES;
				CLANG_WARN_OBJC_IMPLICIT_RETAIN_SELF = YES;
				CLANG_WARN_OBJC_LITERAL_CONVERSION = YES;
				CLANG_WARN_OBJC_ROOT_CLASS = YES_ERROR;
				CLANG_WARN_QUOTED_INCLUDE_IN_FRAMEWORK_HEADER = YES;
				CLANG_WARN_RANGE_LOOP_ANALYSIS = YES;
				CLANG_WARN_STRICT_PROTOTYPES = YES;
				CLANG_WARN_SUSPICIOUS_MOVE = YES;
				CLANG_WARN_UNGUARDED_AVAILABILITY = YES_AGGRESSIVE;
				CLANG_WARN_UNREACHABLE_CODE = YES;
				CLANG_WARN__DUPLICATE_METHOD_MATCH = YES;
				COPY_PHASE_STRIP = NO;
				DEBUG_INFORMATION_FORMAT = "dwarf-with-dsym";
				ENABLE_NS_ASSERTIONS = NO;
				ENABLE_STRICT_OBJC_MSGSEND = YES;
				ENABLE_USER_SCRIPT_SANDBOXING = YES;
				GCC_C_LANGUAGE_STANDARD = gnu17;
				GCC_NO_COMMON_BLOCKS = YES;
				GCC_WARN_64_TO_32_BIT_CONVERSION = YES;
				GCC_WARN_ABOUT_RETURN_TYPE = YES_ERROR;
				GCC_WARN_UNDECLARED_SELECTOR = YES;
				GCC_WARN_UNINITIALIZED_AUTOS = YES_AGGRESSIVE;
				GCC_WARN_UNUSED_FUNCTION = YES;
				GCC_WARN_UNUSED_VARIABLE = YES;
				IPHONEOS_DEPLOYMENT_TARGET = 18.2;
				LOCALIZATION_PREFERS_STRING_CATALOGS = YES;
				MTL_ENABLE_DEBUG_INFO = NO;
				MTL_FAST_MATH = YES;
				SDKROOT = iphoneos;
				SWIFT_COMPILATION_MODE = wholemodule;
				VALIDATE_PRODUCT = YES;
			};
			name = Release;
		};
		1D19D3EB2D283C4D00C4051B /* Debug */ = {
			isa = XCBuildConfiguration;
			buildSettings = {
				BUNDLE_LOADER = "$(TEST_HOST)";
				CODE_SIGN_STYLE = Automatic;
				CURRENT_PROJECT_VERSION = 1;
				GENERATE_INFOPLIST_FILE = YES;
				IPHONEOS_DEPLOYMENT_TARGET = 18.2;
				MARKETING_VERSION = 1.0;
				PRODUCT_BUNDLE_IDENTIFIER = "Tech-Consultants.UrlUsersTableViewProjectTests";
				PRODUCT_NAME = "$(TARGET_NAME)";
				SWIFT_EMIT_LOC_STRINGS = NO;
				SWIFT_VERSION = 5.0;
				TARGETED_DEVICE_FAMILY = "1,2";
				TEST_HOST = "$(BUILT_PRODUCTS_DIR)/UrlUsersTableViewProject.app/$(BUNDLE_EXECUTABLE_FOLDER_PATH)/UrlUsersTableViewProject";
			};
			name = Debug;
		};
		1D19D3EC2D283C4D00C4051B /* Release */ = {
			isa = XCBuildConfiguration;
			buildSettings = {
				BUNDLE_LOADER = "$(TEST_HOST)";
				CODE_SIGN_STYLE = Automatic;
				CURRENT_PROJECT_VERSION = 1;
				GENERATE_INFOPLIST_FILE = YES;
				IPHONEOS_DEPLOYMENT_TARGET = 18.2;
				MARKETING_VERSION = 1.0;
				PRODUCT_BUNDLE_IDENTIFIER = "Tech-Consultants.UrlUsersTableViewProjectTests";
				PRODUCT_NAME = "$(TARGET_NAME)";
				SWIFT_EMIT_LOC_STRINGS = NO;
				SWIFT_VERSION = 5.0;
				TARGETED_DEVICE_FAMILY = "1,2";
				TEST_HOST = "$(BUILT_PRODUCTS_DIR)/UrlUsersTableViewProject.app/$(BUNDLE_EXECUTABLE_FOLDER_PATH)/UrlUsersTableViewProject";
			};
			name = Release;
		};
		1D19D3EE2D283C4D00C4051B /* Debug */ = {
			isa = XCBuildConfiguration;
			buildSettings = {
				CODE_SIGN_STYLE = Automatic;
				CURRENT_PROJECT_VERSION = 1;
				GENERATE_INFOPLIST_FILE = YES;
				MARKETING_VERSION = 1.0;
				PRODUCT_BUNDLE_IDENTIFIER = "Tech-Consultants.UrlUsersTableViewProjectUITests";
				PRODUCT_NAME = "$(TARGET_NAME)";
				SWIFT_EMIT_LOC_STRINGS = NO;
				SWIFT_VERSION = 5.0;
				TARGETED_DEVICE_FAMILY = "1,2";
				TEST_TARGET_NAME = UrlUsersTableViewProject;
			};
			name = Debug;
		};
		1D19D3EF2D283C4D00C4051B /* Release */ = {
			isa = XCBuildConfiguration;
			buildSettings = {
				CODE_SIGN_STYLE = Automatic;
				CURRENT_PROJECT_VERSION = 1;
				GENERATE_INFOPLIST_FILE = YES;
				MARKETING_VERSION = 1.0;
				PRODUCT_BUNDLE_IDENTIFIER = "Tech-Consultants.UrlUsersTableViewProjectUITests";
				PRODUCT_NAME = "$(TARGET_NAME)";
				SWIFT_EMIT_LOC_STRINGS = NO;
				SWIFT_VERSION = 5.0;
				TARGETED_DEVICE_FAMILY = "1,2";
				TEST_TARGET_NAME = UrlUsersTableViewProject;
			};
			name = Release;
		};
/* End XCBuildConfiguration section */

/* Begin XCConfigurationList section */
		1D19D3B72D283C4B00C4051B /* Build configuration list for PBXProject "UrlUsersTableViewProject" */ = {
			isa = XCConfigurationList;
			buildConfigurations = (
				1D19D3E82D283C4D00C4051B /* Debug */,
				1D19D3E92D283C4D00C4051B /* Release */,
			);
			defaultConfigurationIsVisible = 0;
			defaultConfigurationName = Release;
		};
		1D19D3E52D283C4D00C4051B /* Build configuration list for PBXNativeTarget "UrlUsersTableViewProject" */ = {
			isa = XCConfigurationList;
			buildConfigurations = (
				1D19D3E62D283C4D00C4051B /* Debug */,
				1D19D3E72D283C4D00C4051B /* Release */,
			);
			defaultConfigurationIsVisible = 0;
			defaultConfigurationName = Release;
		};
		1D19D3EA2D283C4D00C4051B /* Build configuration list for PBXNativeTarget "UrlUsersTableViewProjectTests" */ = {
			isa = XCConfigurationList;
			buildConfigurations = (
				1D19D3EB2D283C4D00C4051B /* Debug */,
				1D19D3EC2D283C4D00C4051B /* Release */,
			);
			defaultConfigurationIsVisible = 0;
			defaultConfigurationName = Release;
		};
		1D19D3ED2D283C4D00C4051B /* Build configuration list for PBXNativeTarget "UrlUsersTableViewProjectUITests" */ = {
			isa = XCConfigurationList;
			buildConfigurations = (
				1D19D3EE2D283C4D00C4051B /* Debug */,
				1D19D3EF2D283C4D00C4051B /* Release */,
			);
			defaultConfigurationIsVisible = 0;
			defaultConfigurationName = Release;
		};
/* End XCConfigurationList section */
	};
	rootObject = 1D19D3B42D283C4B00C4051B /* Project object */;
}
